
Microsoft Visual Studio Solution File, Format Version 12.00
# Visual Studio 14
VisualStudioVersion = 14.0.23107.0
MinimumVisualStudioVersion = 10.0.40219.1
Project("{FAE04EC0-301F-11D3-BF4B-00C04F79EFBC}") = "Dæmi 2", "Dæmi 2.csproj", "{AADDD40E-0553-4FC8-92DE-4EEC11E8C774}"
EndProject
Global
	GlobalSection(SolutionConfigurationPlatforms) = preSolution
		Debug|Any CPU = Debug|Any CPU
		Release|Any CPU = Release|Any CPU
	EndGlobalSection
	GlobalSection(ProjectConfigurationPlatforms) = postSolution
		{AADDD40E-0553-4FC8-92DE-4EEC11E8C774}.Debug|Any CPU.ActiveCfg = Debug|Any CPU
		{AADDD40E-0553-4FC8-92DE-4EEC11E8C774}.Debug|Any CPU.Build.0 = Debug|Any CPU
		{AADDD40E-0553-4FC8-92DE-4EEC11E8C774}.Release|Any CPU.ActiveCfg = Release|Any CPU
		{AADDD40E-0553-4FC8-92DE-4EEC11E8C774}.Release|Any CPU.Build.0 = Release|Any CPU
	EndGlobalSection
	GlobalSection(SolutionProperties) = preSolution
		HideSolutionNode = FALSE
	EndGlobalSection
EndGlobal
